
Microsoft Visual Studio Solution File, Format Version 12.00
# Visual Studio Version 17
VisualStudioVersion = 17.9.34310.174
MinimumVisualStudioVersion = 10.0.40219.1
Project("{FAE04EC0-301F-11D3-BF4B-00C04F79EFBC}") = "IntroduccionMaui", "IntroduccionMaui\IntroduccionMaui.csproj", "{E73A6439-0C5C-44F1-8033-0B3C4D466499}"
EndProject
Project("{FAE04EC0-301F-11D3-BF4B-00C04F79EFBC}") = "ServidorAPI", "ServidorAPI\ServidorAPI.csproj", "{9EDABE52-27A6-4336-B5FA-8849B1A0E32E}"
EndProject
Global
	GlobalSection(SolutionConfigurationPlatforms) = preSolution
		Debug|Any CPU = Debug|Any CPU
		Release|Any CPU = Release|Any CPU
	EndGlobalSection
	GlobalSection(ProjectConfigurationPlatforms) = postSolution
		{E73A6439-0C5C-44F1-8033-0B3C4D466499}.Debug|Any CPU.ActiveCfg = Debug|Any CPU
		{E73A6439-0C5C-44F1-8033-0B3C4D466499}.Debug|Any CPU.Build.0 = Debug|Any CPU
		{E73A6439-0C5C-44F1-8033-0B3C4D466499}.Debug|Any CPU.Deploy.0 = Debug|Any CPU
		{E73A6439-0C5C-44F1-8033-0B3C4D466499}.Release|Any CPU.ActiveCfg = Release|Any CPU
		{E73A6439-0C5C-44F1-8033-0B3C4D466499}.Release|Any CPU.Build.0 = Release|Any CPU
		{E73A6439-0C5C-44F1-8033-0B3C4D466499}.Release|Any CPU.Deploy.0 = Release|Any CPU
		{9EDABE52-27A6-4336-B5FA-8849B1A0E32E}.Debug|Any CPU.ActiveCfg = Debug|Any CPU
		{9EDABE52-27A6-4336-B5FA-8849B1A0E32E}.Debug|Any CPU.Build.0 = Debug|Any CPU
		{9EDABE52-27A6-4336-B5FA-8849B1A0E32E}.Release|Any CPU.ActiveCfg = Release|Any CPU
		{9EDABE52-27A6-4336-B5FA-8849B1A0E32E}.Release|Any CPU.Build.0 = Release|Any CPU
	EndGlobalSection
	GlobalSection(SolutionProperties) = preSolution
		HideSolutionNode = FALSE
	EndGlobalSection
	GlobalSection(ExtensibilityGlobals) = postSolution
		SolutionGuid = {8A67E5D8-6606-4A97-9C76-5FC0508ECCD4}
	EndGlobalSection
EndGlobal
